// !$*UTF8*$!
{
	archiveVersion = 1;
	classes = {
	};
	objectVersion = 56;
	objects = {

/* Begin PBXBuildFile section */
		FA6388BF2B6811150069DA4D /* AppDelegate.swift in Sources */ = {isa = PBXBuildFile; fileRef = FA6388BE2B6811150069DA4D /* AppDelegate.swift */; };
		FA6388C12B6811150069DA4D /* SceneDelegate.swift in Sources */ = {isa = PBXBuildFile; fileRef = FA6388C02B6811150069DA4D /* SceneDelegate.swift */; };
		FA6388C32B6811150069DA4D /* ViewController.swift in Sources */ = {isa = PBXBuildFile; fileRef = FA6388C22B6811150069DA4D /* ViewController.swift */; };
		FA6388C62B6811150069DA4D /* Main.storyboard in Resources */ = {isa = PBXBuildFile; fileRef = FA6388C42B6811150069DA4D /* Main.storyboard */; };
		FA6388C82B6811160069DA4D /* Assets.xcassets in Resources */ = {isa = PBXBuildFile; fileRef = FA6388C72B6811160069DA4D /* Assets.xcassets */; };
		FA6388CB2B6811160069DA4D /* LaunchScreen.storyboard in Resources */ = {isa = PBXBuildFile; fileRef = FA6388C92B6811160069DA4D /* LaunchScreen.storyboard */; };
		FA6388D62B6811170069DA4D /* CALCULATORTests.swift in Sources */ = {isa = PBXBuildFile; fileRef = FA6388D52B6811170069DA4D /* CALCULATORTests.swift */; };
		FA6388E02B6811170069DA4D /* CALCULATORUITests.swift in Sources */ = {isa = PBXBuildFile; fileRef = FA6388DF2B6811170069DA4D /* CALCULATORUITests.swift */; };
		FA6388E22B6811170069DA4D /* CALCULATORUITestsLaunchTests.swift in Sources */ = {isa = PBXBuildFile; fileRef = FA6388E12B6811170069DA4D /* CALCULATORUITestsLaunchTests.swift */; };
/* End PBXBuildFile section */

/* Begin PBXContainerItemProxy section */
		FA6388D22B6811170069DA4D /* PBXContainerItemProxy */ = {
			isa = PBXContainerItemProxy;
			containerPortal = FA6388B32B6811150069DA4D /* Project object */;
			proxyType = 1;
			remoteGlobalIDString = FA6388BA2B6811150069DA4D;
			remoteInfo = CALCULATOR;
		};
		FA6388DC2B6811170069DA4D /* PBXContainerItemProxy */ = {
			isa = PBXContainerItemProxy;
			containerPortal = FA6388B32B6811150069DA4D /* Project object */;
			proxyType = 1;
			remoteGlobalIDString = FA6388BA2B6811150069DA4D;
			remoteInfo = CALCULATOR;
		};
/* End PBXContainerItemProxy section */

/* Begin PBXFileReference section */
		FA6388BB2B6811150069DA4D /* CALCULATOR.app */ = {isa = PBXFileReference; explicitFileType = wrapper.application; includeInIndex = 0; path = CALCULATOR.app; sourceTree = BUILT_PRODUCTS_DIR; };
		FA6388BE2B6811150069DA4D /* AppDelegate.swift */ = {isa = PBXFileReference; lastKnownFileType = sourcecode.swift; path = AppDelegate.swift; sourceTree = "<group>"; };
		FA6388C02B6811150069DA4D /* SceneDelegate.swift */ = {isa = PBXFileReference; lastKnownFileType = sourcecode.swift; path = SceneDelegate.swift; sourceTree = "<group>"; };
		FA6388C22B6811150069DA4D /* ViewController.swift */ = {isa = PBXFileReference; lastKnownFileType = sourcecode.swift; path = ViewController.swift; sourceTree = "<group>"; };
		FA6388C52B6811150069DA4D /* Base */ = {isa = PBXFileReference; lastKnownFileType = file.storyboard; name = Base; path = Base.lproj/Main.storyboard; sourceTree = "<group>"; };
		FA6388C72B6811160069DA4D /* Assets.xcassets */ = {isa = PBXFileReference; lastKnownFileType = folder.assetcatalog; path = Assets.xcassets; sourceTree = "<group>"; };
		FA6388CA2B6811160069DA4D /* Base */ = {isa = PBXFileReference; lastKnownFileType = file.storyboard; name = Base; path = Base.lproj/LaunchScreen.storyboard; sourceTree = "<group>"; };
		FA6388CC2B6811160069DA4D /* Info.plist */ = {isa = PBXFileReference; lastKnownFileType = text.plist.xml; path = Info.plist; sourceTree = "<group>"; };
		FA6388D12B6811170069DA4D /* CALCULATORTests.xctest */ = {isa = PBXFileReference; explicitFileType = wrapper.cfbundle; includeInIndex = 0; path = CALCULATORTests.xctest; sourceTree = BUILT_PRODUCTS_DIR; };
		FA6388D52B6811170069DA4D /* CALCULATORTests.swift */ = {isa = PBXFileReference; lastKnownFileType = sourcecode.swift; path = CALCULATORTests.swift; sourceTree = "<group>"; };
		FA6388DB2B6811170069DA4D /* CALCULATORUITests.xctest */ = {isa = PBXFileReference; explicitFileType = wrapper.cfbundle; includeInIndex = 0; path = CALCULATORUITests.xctest; sourceTree = BUILT_PRODUCTS_DIR; };
		FA6388DF2B6811170069DA4D /* CALCULATORUITests.swift */ = {isa = PBXFileReference; lastKnownFileType = sourcecode.swift; path = CALCULATORUITests.swift; sourceTree = "<group>"; };
		FA6388E12B6811170069DA4D /* CALCULATORUITestsLaunchTests.swift */ = {isa = PBXFileReference; lastKnownFileType = sourcecode.swift; path = CALCULATORUITestsLaunchTests.swift; sourceTree = "<group>"; };
/* End PBXFileReference section */

/* Begin PBXFrameworksBuildPhase section */
		FA6388B82B6811150069DA4D /* Frameworks */ = {
			isa = PBXFrameworksBuildPhase;
			buildActionMask = 2147483647;
			files = (
			);
			runOnlyForDeploymentPostprocessing = 0;
		};
		FA6388CE2B6811170069DA4D /* Frameworks */ = {
			isa = PBXFrameworksBuildPhase;
			buildActionMask = 2147483647;
			files = (
			);
			runOnlyForDeploymentPostprocessing = 0;
		};
		FA6388D82B6811170069DA4D /* Frameworks */ = {
			isa = PBXFrameworksBuildPhase;
			buildActionMask = 2147483647;
			files = (
			);
			runOnlyForDeploymentPostprocessing = 0;
		};
/* End PBXFrameworksBuildPhase section */

/* Begin PBXGroup section */
		FA6388B22B6811150069DA4D = {
			isa = PBXGroup;
			children = (
				FA6388BD2B6811150069DA4D /* CALCULATOR */,
				FA6388D42B6811170069DA4D /* CALCULATORTests */,
				FA6388DE2B6811170069DA4D /* CALCULATORUITests */,
				FA6388BC2B6811150069DA4D /* Products */,
			);
			sourceTree = "<group>";
		};
		FA6388BC2B6811150069DA4D /* Products */ = {
			isa = PBXGroup;
			children = (
				FA6388BB2B6811150069DA4D /* CALCULATOR.app */,
				FA6388D12B6811170069DA4D /* CALCULATORTests.xctest */,
				FA6388DB2B6811170069DA4D /* CALCULATORUITests.xctest */,
			);
			name = Products;
			sourceTree = "<group>";
		};
		FA6388BD2B6811150069DA4D /* CALCULATOR */ = {
			isa = PBXGroup;
			children = (
				FA6388BE2B6811150069DA4D /* AppDelegate.swift */,
				FA6388C02B6811150069DA4D /* SceneDelegate.swift */,
				FA6388C22B6811150069DA4D /* ViewController.swift */,
				FA6388C42B6811150069DA4D /* Main.storyboard */,
				FA6388C72B6811160069DA4D /* Assets.xcassets */,
				FA6388C92B6811160069DA4D /* LaunchScreen.storyboard */,
				FA6388CC2B6811160069DA4D /* Info.plist */,
			);
			path = CALCULATOR;
			sourceTree = "<group>";
		};
		FA6388D42B6811170069DA4D /* CALCULATORTests */ = {
			isa = PBXGroup;
			children = (
				FA6388D52B6811170069DA4D /* CALCULATORTests.swift */,
			);
			path = CALCULATORTests;
			sourceTree = "<group>";
		};
		FA6388DE2B6811170069DA4D /* CALCULATORUITests */ = {
			isa = PBXGroup;
			children = (
				FA6388DF2B6811170069DA4D /* CALCULATORUITests.swift */,
				FA6388E12B6811170069DA4D /* CALCULATORUITestsLaunchTests.swift */,
			);
			path = CALCULATORUITests;
			sourceTree = "<group>";
		};
/* End PBXGroup section */

/* Begin PBXNativeTarget section */
		FA6388BA2B6811150069DA4D /* CALCULATOR */ = {
			isa = PBXNativeTarget;
			buildConfigurationList = FA6388E52B6811170069DA4D /* Build configuration list for PBXNativeTarget "CALCULATOR" */;
			buildPhases = (
				FA6388B72B6811150069DA4D /* Sources */,
				FA6388B82B6811150069DA4D /* Frameworks */,
				FA6388B92B6811150069DA4D /* Resources */,
			);
			buildRules = (
			);
			dependencies = (
			);
			name = CALCULATOR;
			productName = CALCULATOR;
			productReference = FA6388BB2B6811150069DA4D /* CALCULATOR.app */;
			productType = "com.apple.product-type.application";
		};
		FA6388D02B6811170069DA4D /* CALCULATORTests */ = {
			isa = PBXNativeTarget;
			buildConfigurationList = FA6388E82B6811170069DA4D /* Build configuration list for PBXNativeTarget "CALCULATORTests" */;
			buildPhases = (
				FA6388CD2B6811170069DA4D /* Sources */,
				FA6388CE2B6811170069DA4D /* Frameworks */,
				FA6388CF2B6811170069DA4D /* Resources */,
			);
			buildRules = (
			);
			dependencies = (
				FA6388D32B6811170069DA4D /* PBXTargetDependency */,
			);
			name = CALCULATORTests;
			productName = CALCULATORTests;
			productReference = FA6388D12B6811170069DA4D /* CALCULATORTests.xctest */;
			productType = "com.apple.product-type.bundle.unit-test";
		};
		FA6388DA2B6811170069DA4D /* CALCULATORUITests */ = {
			isa = PBXNativeTarget;
			buildConfigurationList = FA6388EB2B6811170069DA4D /* Build configuration list for PBXNativeTarget "CALCULATORUITests" */;
			buildPhases = (
				FA6388D72B6811170069DA4D /* Sources */,
				FA6388D82B6811170069DA4D /* Frameworks */,
				FA6388D92B6811170069DA4D /* Resources */,
			);
			buildRules = (
			);
			dependencies = (
				FA6388DD2B6811170069DA4D /* PBXTargetDependency */,
			);
			name = CALCULATORUITests;
			productName = CALCULATORUITests;
			productReference = FA6388DB2B6811170069DA4D /* CALCULATORUITests.xctest */;
			productType = "com.apple.product-type.bundle.ui-testing";
		};
/* End PBXNativeTarget section */

/* Begin PBXProject section */
		FA6388B32B6811150069DA4D /* Project object */ = {
			isa = PBXProject;
			attributes = {
				BuildIndependentTargetsInParallel = 1;
				LastSwiftUpdateCheck = 1420;
				LastUpgradeCheck = 1420;
				TargetAttributes = {
					FA6388BA2B6811150069DA4D = {
						CreatedOnToolsVersion = 14.2;
					};
					FA6388D02B6811170069DA4D = {
						CreatedOnToolsVersion = 14.2;
						TestTargetID = FA6388BA2B6811150069DA4D;
					};
					FA6388DA2B6811170069DA4D = {
						CreatedOnToolsVersion = 14.2;
						TestTargetID = FA6388BA2B6811150069DA4D;
					};
				};
			};
			buildConfigurationList = FA6388B62B6811150069DA4D /* Build configuration list for PBXProject "CALCULATOR" */;
			compatibilityVersion = "Xcode 14.0";
			developmentRegion = en;
			hasScannedForEncodings = 0;
			knownRegions = (
				en,
				Base,
			);
			mainGroup = FA6388B22B6811150069DA4D;
			productRefGroup = FA6388BC2B6811150069DA4D /* Products */;
			projectDirPath = "";
			projectRoot = "";
			targets = (
				FA6388BA2B6811150069DA4D /* CALCULATOR */,
				FA6388D02B6811170069DA4D /* CALCULATORTests */,
				FA6388DA2B6811170069DA4D /* CALCULATORUITests */,
			);
		};
/* End PBXProject section */

/* Begin PBXResourcesBuildPhase section */
		FA6388B92B6811150069DA4D /* Resources */ = {
			isa = PBXResourcesBuildPhase;
			buildActionMask = 2147483647;
			files = (
				FA6388CB2B6811160069DA4D /* LaunchScreen.storyboard in Resources */,
				FA6388C82B6811160069DA4D /* Assets.xcassets in Resources */,
				FA6388C62B6811150069DA4D /* Main.storyboard in Resources */,
			);
			runOnlyForDeploymentPostprocessing = 0;
		};
		FA6388CF2B6811170069DA4D /* Resources */ = {
			isa = PBXResourcesBuildPhase;
			buildActionMask = 2147483647;
			files = (
			);
			runOnlyForDeploymentPostprocessing = 0;
		};
		FA6388D92B6811170069DA4D /* Resources */ = {
			isa = PBXResourcesBuildPhase;
			buildActionMask = 2147483647;
			files = (
			);
			runOnlyForDeploymentPostprocessing = 0;
		};
/* End PBXResourcesBuildPhase section */

/* Begin PBXSourcesBuildPhase section */
		FA6388B72B6811150069DA4D /* Sources */ = {
			isa = PBXSourcesBuildPhase;
			buildActionMask = 2147483647;
			files = (
				FA6388C32B6811150069DA4D /* ViewController.swift in Sources */,
				FA6388BF2B6811150069DA4D /* AppDelegate.swift in Sources */,
				FA6388C12B6811150069DA4D /* SceneDelegate.swift in Sources */,
			);
			runOnlyForDeploymentPostprocessing = 0;
		};
		FA6388CD2B6811170069DA4D /* Sources */ = {
			isa = PBXSourcesBuildPhase;
			buildActionMask = 2147483647;
			files = (
				FA6388D62B6811170069DA4D /* CALCULATORTests.swift in Sources */,
			);
			runOnlyForDeploymentPostprocessing = 0;
		};
		FA6388D72B6811170069DA4D /* Sources */ = {
			isa = PBXSourcesBuildPhase;
			buildActionMask = 2147483647;
			files = (
				FA6388E22B6811170069DA4D /* CALCULATORUITestsLaunchTests.swift in Sources */,
				FA6388E02B6811170069DA4D /* CALCULATORUITests.swift in Sources */,
			);
			runOnlyForDeploymentPostprocessing = 0;
		};
/* End PBXSourcesBuildPhase section */

/* Begin PBXTargetDependency section */
		FA6388D32B6811170069DA4D /* PBXTargetDependency */ = {
			isa = PBXTargetDependency;
			target = FA6388BA2B6811150069DA4D /* CALCULATOR */;
			targetProxy = FA6388D22B6811170069DA4D /* PBXContainerItemProxy */;
		};
		FA6388DD2B6811170069DA4D /* PBXTargetDependency */ = {
			isa = PBXTargetDependency;
			target = FA6388BA2B6811150069DA4D /* CALCULATOR */;
			targetProxy = FA6388DC2B6811170069DA4D /* PBXContainerItemProxy */;
		};
/* End PBXTargetDependency section */

/* Begin PBXVariantGroup section */
		FA6388C42B6811150069DA4D /* Main.storyboard */ = {
			isa = PBXVariantGroup;
			children = (
				FA6388C52B6811150069DA4D /* Base */,
			);
			name = Main.storyboard;
			sourceTree = "<group>";
		};
		FA6388C92B6811160069DA4D /* LaunchScreen.storyboard */ = {
			isa = PBXVariantGroup;
			children = (
				FA6388CA2B6811160069DA4D /* Base */,
			);
			name = LaunchScreen.storyboard;
			sourceTree = "<group>";
		};
/* End PBXVariantGroup section */

/* Begin XCBuildConfiguration section */
		FA6388E32B6811170069DA4D /* Debug */ = {
			isa = XCBuildConfiguration;
			buildSettings = {
				ALWAYS_SEARCH_USER_PATHS = NO;
				CLANG_ANALYZER_NONNULL = YES;
				CLANG_ANALYZER_NUMBER_OBJECT_CONVERSION = YES_AGGRESSIVE;
				CLANG_CXX_LANGUAGE_STANDARD = "gnu++20";
				CLANG_ENABLE_MODULES = YES;
				CLANG_ENABLE_OBJC_ARC = YES;
				CLANG_ENABLE_OBJC_WEAK = YES;
				CLANG_WARN_BLOCK_CAPTURE_AUTORELEASING = YES;
				CLANG_WARN_BOOL_CONVERSION = YES;
				CLANG_WARN_COMMA = YES;
				CLANG_WARN_CONSTANT_CONVERSION = YES;
				CLANG_WARN_DEPRECATED_OBJC_IMPLEMENTATIONS = YES;
				CLANG_WARN_DIRECT_OBJC_ISA_USAGE = YES_ERROR;
				CLANG_WARN_DOCUMENTATION_COMMENTS = YES;
				CLANG_WARN_EMPTY_BODY = YES;
				CLANG_WARN_ENUM_CONVERSION = YES;
				CLANG_WARN_INFINITE_RECURSION = YES;
				CLANG_WARN_INT_CONVERSION = YES;
				CLANG_WARN_NON_LITERAL_NULL_CONVERSION = YES;
				CLANG_WARN_OBJC_IMPLICIT_RETAIN_SELF = YES;
				CLANG_WARN_OBJC_LITERAL_CONVERSION = YES;
				CLANG_WARN_OBJC_ROOT_CLASS = YES_ERROR;
				CLANG_WARN_QUOTED_INCLUDE_IN_FRAMEWORK_HEADER = YES;
				CLANG_WARN_RANGE_LOOP_ANALYSIS = YES;
				CLANG_WARN_STRICT_PROTOTYPES = YES;
				CLANG_WARN_SUSPICIOUS_MOVE = YES;
				CLANG_WARN_UNGUARDED_AVAILABILITY = YES_AGGRESSIVE;
				CLANG_WARN_UNREACHABLE_CODE = YES;
				CLANG_WARN__DUPLICATE_METHOD_MATCH = YES;
				COPY_PHASE_STRIP = NO;
				DEBUG_INFORMATION_FORMAT = dwarf;
				ENABLE_STRICT_OBJC_MSGSEND = YES;
				ENABLE_TESTABILITY = YES;
				GCC_C_LANGUAGE_STANDARD = gnu11;
				GCC_DYNAMIC_NO_PIC = NO;
				GCC_NO_COMMON_BLOCKS = YES;
				GCC_OPTIMIZATION_LEVEL = 0;
				GCC_PREPROCESSOR_DEFINITIONS = (
					"DEBUG=1",
					"$(inherited)",
				);
				GCC_WARN_64_TO_32_BIT_CONVERSION = YES;
				GCC_WARN_ABOUT_RETURN_TYPE = YES_ERROR;
				GCC_WARN_UNDECLARED_SELECTOR = YES;
				GCC_WARN_UNINITIALIZED_AUTOS = YES_AGGRESSIVE;
				GCC_WARN_UNUSED_FUNCTION = YES;
				GCC_WARN_UNUSED_VARIABLE = YES;
				IPHONEOS_DEPLOYMENT_TARGET = 16.2;
				MTL_ENABLE_DEBUG_INFO = INCLUDE_SOURCE;
				MTL_FAST_MATH = YES;
				ONLY_ACTIVE_ARCH = YES;
				SDKROOT = iphoneos;
				SWIFT_ACTIVE_COMPILATION_CONDITIONS = DEBUG;
				SWIFT_OPTIMIZATION_LEVEL = "-Onone";
			};
			name = Debug;
		};
		FA6388E42B6811170069DA4D /* Release */ = {
			isa = XCBuildConfiguration;
			buildSettings = {
				ALWAYS_SEARCH_USER_PATHS = NO;
				CLANG_ANALYZER_NONNULL = YES;
				CLANG_ANALYZER_NUMBER_OBJECT_CONVERSION = YES_AGGRESSIVE;
				CLANG_CXX_LANGUAGE_STANDARD = "gnu++20";
				CLANG_ENABLE_MODULES = YES;
				CLANG_ENABLE_OBJC_ARC = YES;
				CLANG_ENABLE_OBJC_WEAK = YES;
				CLANG_WARN_BLOCK_CAPTURE_AUTORELEASING = YES;
				CLANG_WARN_BOOL_CONVERSION = YES;
				CLANG_WARN_COMMA = YES;
				CLANG_WARN_CONSTANT_CONVERSION = YES;
				CLANG_WARN_DEPRECATED_OBJC_IMPLEMENTATIONS = YES;
				CLANG_WARN_DIRECT_OBJC_ISA_USAGE = YES_ERROR;
				CLANG_WARN_DOCUMENTATION_COMMENTS = YES;
				CLANG_WARN_EMPTY_BODY = YES;
				CLANG_WARN_ENUM_CONVERSION = YES;
				CLANG_WARN_INFINITE_RECURSION = YES;
				CLANG_WARN_INT_CONVERSION = YES;
				CLANG_WARN_NON_LITERAL_NULL_CONVERSION = YES;
				CLANG_WARN_OBJC_IMPLICIT_RETAIN_SELF = YES;
				CLANG_WARN_OBJC_LITERAL_CONVERSION = YES;
				CLANG_WARN_OBJC_ROOT_CLASS = YES_ERROR;
				CLANG_WARN_QUOTED_INCLUDE_IN_FRAMEWORK_HEADER = YES;
				CLANG_WARN_RANGE_LOOP_ANALYSIS = YES;
				CLANG_WARN_STRICT_PROTOTYPES = YES;
				CLANG_WARN_SUSPICIOUS_MOVE = YES;
				CLANG_WARN_UNGUARDED_AVAILABILITY = YES_AGGRESSIVE;
				CLANG_WARN_UNREACHABLE_CODE = YES;
				CLANG_WARN__DUPLICATE_METHOD_MATCH = YES;
				COPY_PHASE_STRIP = NO;
				DEBUG_INFORMATION_FORMAT = "dwarf-with-dsym";
				ENABLE_NS_ASSERTIONS = NO;
				ENABLE_STRICT_OBJC_MSGSEND = YES;
				GCC_C_LANGUAGE_STANDARD = gnu11;
				GCC_NO_COMMON_BLOCKS = YES;
				GCC_WARN_64_TO_32_BIT_CONVERSION = YES;
				GCC_WARN_ABOUT_RETURN_TYPE = YES_ERROR;
				GCC_WARN_UNDECLARED_SELECTOR = YES;
				GCC_WARN_UNINITIALIZED_AUTOS = YES_AGGRESSIVE;
				GCC_WARN_UNUSED_FUNCTION = YES;
				GCC_WARN_UNUSED_VARIABLE = YES;
				IPHONEOS_DEPLOYMENT_TARGET = 16.2;
				MTL_ENABLE_DEBUG_INFO = NO;
				MTL_FAST_MATH = YES;
				SDKROOT = iphoneos;
				SWIFT_COMPILATION_MODE = wholemodule;
				SWIFT_OPTIMIZATION_LEVEL = "-O";
				VALIDATE_PRODUCT = YES;
			};
			name = Release;
		};
		FA6388E62B6811170069DA4D /* Debug */ = {
			isa = XCBuildConfiguration;
			buildSettings = {
				ASSETCATALOG_COMPILER_APPICON_NAME = AppIcon;
				ASSETCATALOG_COMPILER_GLOBAL_ACCENT_COLOR_NAME = AccentColor;
				CODE_SIGN_STYLE = Automatic;
				CURRENT_PROJECT_VERSION = 1;
				GENERATE_INFOPLIST_FILE = YES;
				INFOPLIST_FILE = CALCULATOR/Info.plist;
				INFOPLIST_KEY_UIApplicationSupportsIndirectInputEvents = YES;
				INFOPLIST_KEY_UILaunchStoryboardName = LaunchScreen;
				INFOPLIST_KEY_UIMainStoryboardFile = Main;
				INFOPLIST_KEY_UISupportedInterfaceOrientations_iPad = "UIInterfaceOrientationPortrait UIInterfaceOrientationPortraitUpsideDown UIInterfaceOrientationLandscapeLeft UIInterfaceOrientationLandscapeRight";
				INFOPLIST_KEY_UISupportedInterfaceOrientations_iPhone = "UIInterfaceOrientationPortrait UIInterfaceOrientationLandscapeLeft UIInterfaceOrientationLandscapeRight";
				LD_RUNPATH_SEARCH_PATHS = (
					"$(inherited)",
					"@executable_path/Frameworks",
				);
				MARKETING_VERSION = 1.0;
				PRODUCT_BUNDLE_IDENTIFIER = q.CALCULATOR;
				PRODUCT_NAME = "$(TARGET_NAME)";
				SWIFT_EMIT_LOC_STRINGS = YES;
				SWIFT_VERSION = 5.0;
				TARGETED_DEVICE_FAMILY = "1,2";
			};
			name = Debug;
		};
		FA6388E72B6811170069DA4D /* Release */ = {
			isa = XCBuildConfiguration;
			buildSettings = {
				ASSETCATALOG_COMPILER_APPICON_NAME = AppIcon;
				ASSETCATALOG_COMPILER_GLOBAL_ACCENT_COLOR_NAME = AccentColor;
				CODE_SIGN_STYLE = Automatic;
				CURRENT_PROJECT_VERSION = 1;
				GENERATE_INFOPLIST_FILE = YES;
				INFOPLIST_FILE = CALCULATOR/Info.plist;
				INFOPLIST_KEY_UIApplicationSupportsIndirectInputEvents = YES;
				INFOPLIST_KEY_UILaunchStoryboardName = LaunchScreen;
				INFOPLIST_KEY_UIMainStoryboardFile = Main;
				INFOPLIST_KEY_UISupportedInterfaceOrientations_iPad = "UIInterfaceOrientationPortrait UIInterfaceOrientationPortraitUpsideDown UIInterfaceOrientationLandscapeLeft UIInterfaceOrientationLandscapeRight";
				INFOPLIST_KEY_UISupportedInterfaceOrientations_iPhone = "UIInterfaceOrientationPortrait UIInterfaceOrientationLandscapeLeft UIInterfaceOrientationLandscapeRight";
				LD_RUNPATH_SEARCH_PATHS = (
					"$(inherited)",
					"@executable_path/Frameworks",
				);
				MARKETING_VERSION = 1.0;
				PRODUCT_BUNDLE_IDENTIFIER = q.CALCULATOR;
				PRODUCT_NAME = "$(TARGET_NAME)";
				SWIFT_EMIT_LOC_STRINGS = YES;
				SWIFT_VERSION = 5.0;
				TARGETED_DEVICE_FAMILY = "1,2";
			};
			name = Release;
		};
		FA6388E92B6811170069DA4D /* Debug */ = {
			isa = XCBuildConfiguration;
			buildSettings = {
				ALWAYS_EMBED_SWIFT_STANDARD_LIBRARIES = YES;
				BUNDLE_LOADER = "$(TEST_HOST)";
				CODE_SIGN_STYLE = Automatic;
				CURRENT_PROJECT_VERSION = 1;
				GENERATE_INFOPLIST_FILE = YES;
				IPHONEOS_DEPLOYMENT_TARGET = 16.2;
				MARKETING_VERSION = 1.0;
				PRODUCT_BUNDLE_IDENTIFIER = q.CALCULATORTests;
				PRODUCT_NAME = "$(TARGET_NAME)";
				SWIFT_EMIT_LOC_STRINGS = NO;
				SWIFT_VERSION = 5.0;
				TARGETED_DEVICE_FAMILY = "1,2";
				TEST_HOST = "$(BUILT_PRODUCTS_DIR)/CALCULATOR.app/$(BUNDLE_EXECUTABLE_FOLDER_PATH)/CALCULATOR";
			};
			name = Debug;
		};
		FA6388EA2B6811170069DA4D /* Release */ = {
			isa = XCBuildConfiguration;
			buildSettings = {
				ALWAYS_EMBED_SWIFT_STANDARD_LIBRARIES = YES;
				BUNDLE_LOADER = "$(TEST_HOST)";
				CODE_SIGN_STYLE = Automatic;
				CURRENT_PROJECT_VERSION = 1;
				GENERATE_INFOPLIST_FILE = YES;
				IPHONEOS_DEPLOYMENT_TARGET = 16.2;
				MARKETING_VERSION = 1.0;
				PRODUCT_BUNDLE_IDENTIFIER = q.CALCULATORTests;
				PRODUCT_NAME = "$(TARGET_NAME)";
				SWIFT_EMIT_LOC_STRINGS = NO;
				SWIFT_VERSION = 5.0;
				TARGETED_DEVICE_FAMILY = "1,2";
				TEST_HOST = "$(BUILT_PRODUCTS_DIR)/CALCULATOR.app/$(BUNDLE_EXECUTABLE_FOLDER_PATH)/CALCULATOR";
			};
			name = Release;
		};
		FA6388EC2B6811170069DA4D /* Debug */ = {
			isa = XCBuildConfiguration;
			buildSettings = {
				ALWAYS_EMBED_SWIFT_STANDARD_LIBRARIES = YES;
				CODE_SIGN_STYLE = Automatic;
				CURRENT_PROJECT_VERSION = 1;
				GENERATE_INFOPLIST_FILE = YES;
				MARKETING_VERSION = 1.0;
				PRODUCT_BUNDLE_IDENTIFIER = q.CALCULATORUITests;
				PRODUCT_NAME = "$(TARGET_NAME)";
				SWIFT_EMIT_LOC_STRINGS = NO;
				SWIFT_VERSION = 5.0;
				TARGETED_DEVICE_FAMILY = "1,2";
				TEST_TARGET_NAME = CALCULATOR;
			};
			name = Debug;
		};
		FA6388ED2B6811170069DA4D /* Release */ = {
			isa = XCBuildConfiguration;
			buildSettings = {
				ALWAYS_EMBED_SWIFT_STANDARD_LIBRARIES = YES;
				CODE_SIGN_STYLE = Automatic;
				CURRENT_PROJECT_VERSION = 1;
				GENERATE_INFOPLIST_FILE = YES;
				MARKETING_VERSION = 1.0;
				PRODUCT_BUNDLE_IDENTIFIER = q.CALCULATORUITests;
				PRODUCT_NAME = "$(TARGET_NAME)";
				SWIFT_EMIT_LOC_STRINGS = NO;
				SWIFT_VERSION = 5.0;
				TARGETED_DEVICE_FAMILY = "1,2";
				TEST_TARGET_NAME = CALCULATOR;
			};
			name = Release;
		};
/* End XCBuildConfiguration section */

/* Begin XCConfigurationList section */
		FA6388B62B6811150069DA4D /* Build configuration list for PBXProject "CALCULATOR" */ = {
			isa = XCConfigurationList;
			buildConfigurations = (
				FA6388E32B6811170069DA4D /* Debug */,
				FA6388E42B6811170069DA4D /* Release */,
			);
			defaultConfigurationIsVisible = 0;
			defaultConfigurationName = Release;
		};
		FA6388E52B6811170069DA4D /* Build configuration list for PBXNativeTarget "CALCULATOR" */ = {
			isa = XCConfigurationList;
			buildConfigurations = (
				FA6388E62B6811170069DA4D /* Debug */,
				FA6388E72B6811170069DA4D /* Release */,
			);
			defaultConfigurationIsVisible = 0;
			defaultConfigurationName = Release;
		};
		FA6388E82B6811170069DA4D /* Build configuration list for PBXNativeTarget "CALCULATORTests" */ = {
			isa = XCConfigurationList;
			buildConfigurations = (
				FA6388E92B6811170069DA4D /* Debug */,
				FA6388EA2B6811170069DA4D /* Release */,
			);
			defaultConfigurationIsVisible = 0;
			defaultConfigurationName = Release;
		};
		FA6388EB2B6811170069DA4D /* Build configuration list for PBXNativeTarget "CALCULATORUITests" */ = {
			isa = XCConfigurationList;
			buildConfigurations = (
				FA6388EC2B6811170069DA4D /* Debug */,
				FA6388ED2B6811170069DA4D /* Release */,
			);
			defaultConfigurationIsVisible = 0;
			defaultConfigurationName = Release;
		};
/* End XCConfigurationList section */
	};
	rootObject = FA6388B32B6811150069DA4D /* Project object */;
}
